
Microsoft Visual Studio Solution File, Format Version 12.00
# Visual Studio Version 16
VisualStudioVersion = 16.0.31105.61
MinimumVisualStudioVersion = 10.0.40219.1
Project("{9A19103F-16F7-4668-BE54-9A1E7A4F7556}") = "ReactiveWpfTest", "ReactiveWpfTest\ReactiveWpfTest.csproj", "{7FBC763A-4532-4AD4-9E02-5F3D89CA41F6}"
EndProject
Project("{FAE04EC0-301F-11D3-BF4B-00C04F79EFBC}") = "ReactiveWpfColorList", "ReactiveWpfColorList\ReactiveWpfColorList.csproj", "{76934643-31C0-411E-8AD5-43C0CC46D9BC}"
EndProject
Global
	GlobalSection(SolutionConfigurationPlatforms) = preSolution
		Debug|Any CPU = Debug|Any CPU
		Release|Any CPU = Release|Any CPU
	EndGlobalSection
	GlobalSection(ProjectConfigurationPlatforms) = postSolution
		{7FBC763A-4532-4AD4-9E02-5F3D89CA41F6}.Debug|Any CPU.ActiveCfg = Debug|Any CPU
		{7FBC763A-4532-4AD4-9E02-5F3D89CA41F6}.Debug|Any CPU.Build.0 = Debug|Any CPU
		{7FBC763A-4532-4AD4-9E02-5F3D89CA41F6}.Release|Any CPU.ActiveCfg = Release|Any CPU
		{7FBC763A-4532-4AD4-9E02-5F3D89CA41F6}.Release|Any CPU.Build.0 = Release|Any CPU
		{76934643-31C0-411E-8AD5-43C0CC46D9BC}.Debug|Any CPU.ActiveCfg = Debug|Any CPU
		{76934643-31C0-411E-8AD5-43C0CC46D9BC}.Debug|Any CPU.Build.0 = Debug|Any CPU
		{76934643-31C0-411E-8AD5-43C0CC46D9BC}.Release|Any CPU.ActiveCfg = Release|Any CPU
		{76934643-31C0-411E-8AD5-43C0CC46D9BC}.Release|Any CPU.Build.0 = Release|Any CPU
	EndGlobalSection
	GlobalSection(SolutionProperties) = preSolution
		HideSolutionNode = FALSE
	EndGlobalSection
	GlobalSection(ExtensibilityGlobals) = postSolution
		SolutionGuid = {F495B6D9-9C09-4C88-BF86-DDFAA097A0CD}
	EndGlobalSection
EndGlobal
